{
  "projects": [
    {
      "projectId": "9Vr5YWkf3w7jj6SsTcCEta",
      "version": "0.1.0",
      "dependencies": {},
      "lang": "ts",
      "fileLocks": [
        {
          "assetId": "9Vr5YWkf3w7jj6SsTcCEta",
          "type": "projectCss",
          "checksum": "e1ec850476829c38b0f9b6d4f7ac446a"
        }
      ],
      "codegenVersion": "0.0.1"
    },
    {
      "projectId": "jkU633o1Cz7HrJdwdxhVHk",
      "version": "15.2.0",
      "dependencies": {},
      "lang": "ts",
      "fileLocks": [
        {
          "assetId": "jkU633o1Cz7HrJdwdxhVHk",
          "type": "projectCss",
          "checksum": "0ae263a3f39b0edbe6d53f733a8b04f1"
        }
      ],
      "codegenVersion": "0.0.1"
    },
    {
      "projectId": "ohDidvG9XsCeFumugENU3J",
      "version": "4.7.0",
      "dependencies": {},
      "lang": "ts",
      "fileLocks": [
        {
          "assetId": "ohDidvG9XsCeFumugENU3J",
          "type": "projectCss",
          "checksum": "fd83b730367fdbde2c69bc6cf31c2a3c"
        },
        {
          "assetId": "ohDidvG9XsCeFumugENU3J",
          "checksum": "8f45a75070e2f0edc34a4dc3d5f6b736",
          "type": "globalContexts"
        }
      ],
      "codegenVersion": "0.0.1"
    },
    {
      "projectId": "5NqxLwkJf8dtHXPoVMH2rF",
      "version": "latest",
      "dependencies": {
        "ohDidvG9XsCeFumugENU3J": "4.7.0",
        "jkU633o1Cz7HrJdwdxhVHk": "15.2.0",
        "9Vr5YWkf3w7jj6SsTcCEta": "0.1.0",
        "84wxoth5npGrp6RRXPL88z": "4.17.0"
      },
      "lang": "ts",
      "fileLocks": [
        {
          "type": "globalVariant",
          "assetId": "rWTCUtrD2GfH",
          "checksum": "550fc954cc6fe70733478e7d2827d19f"
        },
        {
          "assetId": "5NqxLwkJf8dtHXPoVMH2rF",
          "checksum": "f0121adfbb4029567b101ebaebbeb6d4",
          "type": "globalContexts"
        },
        {
          "type": "renderModule",
          "assetId": "DR_nCvMIJQo",
          "checksum": "07f7b0be7f3b2e3cf3cb6d1082bab903"
        },
        {
          "type": "cssRules",
          "assetId": "DR_nCvMIJQo",
          "checksum": "07f7b0be7f3b2e3cf3cb6d1082bab903"
        },
        {
          "type": "renderModule",
          "assetId": "8NUtQpwWWvU4",
          "checksum": "3d02f751e059724d8ffbd933a221709c"
        },
        {
          "type": "cssRules",
          "assetId": "8NUtQpwWWvU4",
          "checksum": "3d02f751e059724d8ffbd933a221709c"
        },
        {
          "type": "renderModule",
          "assetId": "NLVDV5id1b",
          "checksum": "034e338f8371cb875d8d07b2920ddcc5"
        },
        {
          "type": "cssRules",
          "assetId": "NLVDV5id1b",
          "checksum": "034e338f8371cb875d8d07b2920ddcc5"
        },
        {
          "type": "icon",
          "assetId": "PyW6TZpbbJLI",
          "checksum": "852284132ffdd1710f793d0653795b02"
        },
        {
          "type": "icon",
          "assetId": "_xdH0GQIHPc0",
          "checksum": "4d063aef9cdd68514e88d78db6f04bf4"
        },
        {
          "type": "renderModule",
          "assetId": "lG71tFQEVK",
          "checksum": "132c10d56119a318c94c8251bebee805"
        },
        {
          "type": "cssRules",
          "assetId": "lG71tFQEVK",
          "checksum": "132c10d56119a318c94c8251bebee805"
        },
        {
          "type": "renderModule",
          "assetId": "3KRlq4x-V2",
          "checksum": "0640f23c3c9de44cd68c3e0f262c45a9"
        },
        {
          "type": "cssRules",
          "assetId": "3KRlq4x-V2",
          "checksum": "0640f23c3c9de44cd68c3e0f262c45a9"
        },
        {
          "assetId": "5NqxLwkJf8dtHXPoVMH2rF",
          "type": "projectCss",
          "checksum": "94e64ef364ec98144fb18a3db041428c"
        }
      ],
      "codegenVersion": "0.0.1"
    },
    {
      "projectId": "84wxoth5npGrp6RRXPL88z",
      "version": "4.17.0",
      "dependencies": {},
      "lang": "ts",
      "fileLocks": [
        {
          "assetId": "84wxoth5npGrp6RRXPL88z",
          "type": "projectCss",
          "checksum": "d951314833b1846f4b7c384128792976"
        },
        {
          "assetId": "84wxoth5npGrp6RRXPL88z",
          "checksum": "9e5d7715fa73643035101a564f263924",
          "type": "globalContexts"
        }
      ],
      "codegenVersion": "0.0.1"
    }
  ],
  "cliVersion": "0.1.299"
}
